
Microsoft Visual Studio Solution File, Format Version 12.00
# Visual Studio Version 16
VisualStudioVersion = 16.0.29503.13
MinimumVisualStudioVersion = 10.0.40219.1
Project("{8BC9CEB8-8B4A-11D0-8D11-00A0C91BC942}") = "Test_Increment", "Test_Increment\Test_Increment.vcxproj", "{416C57ED-CC15-4984-9C76-A9B1820B40ED}"
EndProject
Project("{8BC9CEB8-8B4A-11D0-8D11-00A0C91BC942}") = "Test", "Test\Test.vcxproj", "{CA7486D2-CFF4-4BF7-932E-B88DD58E1048}"
EndProject
Global
	GlobalSection(SolutionConfigurationPlatforms) = preSolution
		Debug|x64 = Debug|x64
		Debug|x86 = Debug|x86
		Release|x64 = Release|x64
		Release|x86 = Release|x86
	EndGlobalSection
	GlobalSection(ProjectConfigurationPlatforms) = postSolution
		{416C57ED-CC15-4984-9C76-A9B1820B40ED}.Debug|x64.ActiveCfg = Debug|x64
		{416C57ED-CC15-4984-9C76-A9B1820B40ED}.Debug|x64.Build.0 = Debug|x64
		{416C57ED-CC15-4984-9C76-A9B1820B40ED}.Debug|x86.ActiveCfg = Debug|Win32
		{416C57ED-CC15-4984-9C76-A9B1820B40ED}.Debug|x86.Build.0 = Debug|Win32
		{416C57ED-CC15-4984-9C76-A9B1820B40ED}.Release|x64.ActiveCfg = Release|x64
		{416C57ED-CC15-4984-9C76-A9B1820B40ED}.Release|x64.Build.0 = Release|x64
		{416C57ED-CC15-4984-9C76-A9B1820B40ED}.Release|x86.ActiveCfg = Release|Win32
		{416C57ED-CC15-4984-9C76-A9B1820B40ED}.Release|x86.Build.0 = Release|Win32
		{CA7486D2-CFF4-4BF7-932E-B88DD58E1048}.Debug|x64.ActiveCfg = Debug|x64
		{CA7486D2-CFF4-4BF7-932E-B88DD58E1048}.Debug|x64.Build.0 = Debug|x64
		{CA7486D2-CFF4-4BF7-932E-B88DD58E1048}.Debug|x86.ActiveCfg = Debug|Win32
		{CA7486D2-CFF4-4BF7-932E-B88DD58E1048}.Debug|x86.Build.0 = Debug|Win32
		{CA7486D2-CFF4-4BF7-932E-B88DD58E1048}.Release|x64.ActiveCfg = Release|x64
		{CA7486D2-CFF4-4BF7-932E-B88DD58E1048}.Release|x64.Build.0 = Release|x64
		{CA7486D2-CFF4-4BF7-932E-B88DD58E1048}.Release|x86.ActiveCfg = Release|Win32
		{CA7486D2-CFF4-4BF7-932E-B88DD58E1048}.Release|x86.Build.0 = Release|Win32
	EndGlobalSection
	GlobalSection(SolutionProperties) = preSolution
		HideSolutionNode = FALSE
	EndGlobalSection
	GlobalSection(ExtensibilityGlobals) = postSolution
		SolutionGuid = {DE283A82-F689-4426-B054-A156781448CA}
	EndGlobalSection
EndGlobal
